{
  "name": "@meeco/sdk-demo",
  "version": "3.0.3",
  "lockfileVersion": 3,
  "requires": true,
  "packages": {
    "": {
      "name": "@meeco/sdk-demo",
      "version": "3.0.3",
      "license": "MIT",
      "dependencies": {
        "mithril": "^2.2.2"
      },
      "devDependencies": {
        "@types/mithril": "^2.0.11"
      }
    },
    "node_modules/@types/mithril": {
      "version": "2.2.7",
      "resolved": "https://registry.npmjs.org/@types/mithril/-/mithril-2.2.7.tgz",
      "integrity": "sha512-uetxoYizBMHPELl6DSZUfO6Q/aOm+h0NUCv9bVAX2iAxfrdBSOvU9KKFl+McTtxR13F+BReYLY814pJsZvnSxg==",
      "dev": true
    },
    "node_modules/mithril": {
      "version": "2.2.8",
      "resolved": "https://registry.npmjs.org/mithril/-/mithril-2.2.8.tgz",
      "integrity": "sha512-P9SP7y22qNdsKKGofrPMvQzTQvUjEH03eENeR5KXTj+rGFyvs+DqZyx3HS5c7K7EMOo0OYmcZnLEY/sc2ybLdQ=="
    }
  }
}
